
Microsoft Visual Studio Solution File, Format Version 12.00
# Visual Studio Version 17
VisualStudioVersion = 17.11.35327.3
MinimumVisualStudioVersion = 10.0.40219.1
Project("{2150E333-8FDC-42A3-9474-1A3956D46DE8}") = "Task0", "Task0", "{6A2D6853-A126-4C90-836E-7DFEEACC3EBD}"
EndProject
Project("{2150E333-8FDC-42A3-9474-1A3956D46DE8}") = "Task1", "Task1", "{D6A4508B-4972-4905-ACA6-0CFCCACF3A33}"
EndProject
Project("{9A19103F-16F7-4668-BE54-9A1E7A4F7556}") = "Tyuiu.ErmakovAA.Sprint2.Task0.V5", "Tyuiu.ErmakovAA.Sprint2.Task0.V5\Tyuiu.ErmakovAA.Sprint2.Task0.V5.csproj", "{C28CCFEA-7ABD-4AF1-A203-D08FD30C850A}"
EndProject
Project("{9A19103F-16F7-4668-BE54-9A1E7A4F7556}") = "Tyuiu.ErmakovAA.Sprint2.Task0.V5.Test", "Tyuiu.ErmakovAA.Sprint2.Task0.V5.Test\Tyuiu.ErmakovAA.Sprint2.Task0.V5.Test.csproj", "{7188C893-392D-4D57-9B9A-796E956F5989}"
EndProject
Project("{9A19103F-16F7-4668-BE54-9A1E7A4F7556}") = "Tyuiu.ErmakovAA.Sprint2.Task0.V5.Lib", "Tyuiu.ErmakovAA.Sprint2.Task0.V5.Lib\Tyuiu.ErmakovAA.Sprint2.Task0.V5.Lib.csproj", "{9837BE6E-32CA-4BAC-A79C-F3C2C2FE48C0}"
EndProject
Project("{9A19103F-16F7-4668-BE54-9A1E7A4F7556}") = "Tyuiu.ErmakovAA.Sprint2.Task1.V25", "Tyuiu.ErmakovAA.Sprint2.Task1.V25\Tyuiu.ErmakovAA.Sprint2.Task1.V25.csproj", "{3D02C1D6-9178-439B-8D29-0835F3143BDA}"
EndProject
Project("{9A19103F-16F7-4668-BE54-9A1E7A4F7556}") = "Tyuiu.ErmakovAA.Sprint2.Task1.V25.Lib", "Tyuiu.ErmakovAA.Sprint2.Task1.V25.Lib\Tyuiu.ErmakovAA.Sprint2.Task1.V25.Lib.csproj", "{16207A25-0DA2-4B75-A116-6B491FEDB1C1}"
EndProject
Project("{9A19103F-16F7-4668-BE54-9A1E7A4F7556}") = "Tyuiu.ErmakovAA.Sprint2.Task1.V25.Test", "Tyuiu.ErmakovAA.Sprint2.Task1.V25.Test\Tyuiu.ErmakovAA.Sprint2.Task1.V25.Test.csproj", "{44E09F07-F35A-473F-A38A-983006699CE9}"
EndProject
Project("{2150E333-8FDC-42A3-9474-1A3956D46DE8}") = "Task2", "Task2", "{0652F9C9-D09D-4A50-9C20-7949CA84FE81}"
EndProject
Project("{9A19103F-16F7-4668-BE54-9A1E7A4F7556}") = "Tyuiu.ErmakovAA.Sprint2.Task2.V6", "Tyuiu.ErmakovAA.Sprint2.Task2.V6\Tyuiu.ErmakovAA.Sprint2.Task2.V6.csproj", "{8F1A6284-BB5D-42E2-A8FD-574B6C8253C2}"
EndProject
Project("{9A19103F-16F7-4668-BE54-9A1E7A4F7556}") = "Tyuiu.ErmakovAA.Sprint2.Task2.V6.Lib", "Tyuiu.ErmakovAA.Sprint2.Task2.V6.Lib\Tyuiu.ErmakovAA.Sprint2.Task2.V6.Lib.csproj", "{54001879-543E-41B8-BB3C-25430644B597}"
EndProject
Project("{9A19103F-16F7-4668-BE54-9A1E7A4F7556}") = "Tyuiu.ErmakovAA.Sprint2.Task2.V6.Test", "Tyuiu.ErmakovAA.Sprint2.Task2.V6.Test\Tyuiu.ErmakovAA.Sprint2.Task2.V6.Test.csproj", "{91023DA0-86CB-4BFF-9BAC-13A6BDF282E8}"
EndProject
Project("{2150E333-8FDC-42A3-9474-1A3956D46DE8}") = "Task3", "Task3", "{7F1CA98D-3DB9-4A48-BF09-402F92D8DF43}"
EndProject
Project("{9A19103F-16F7-4668-BE54-9A1E7A4F7556}") = "Tyuiu.ErmakovAA.Sprint2.Task3.V20.Test", "Tyuiu.ErmakovAA.Sprint2.Task3.V20.Test\Tyuiu.ErmakovAA.Sprint2.Task3.V20.Test.csproj", "{8C354A11-0BD8-413F-A074-34BB29F804A8}"
EndProject
Project("{9A19103F-16F7-4668-BE54-9A1E7A4F7556}") = "Tyuiu.ErmakovAA.Sprint2.Task3.V20", "Tyuiu.ErmakovAA.Sprint2.Task3.V20\Tyuiu.ErmakovAA.Sprint2.Task3.V20.csproj", "{682E52AB-CC17-4C38-B25C-AF65FA89442F}"
EndProject
Project("{9A19103F-16F7-4668-BE54-9A1E7A4F7556}") = "Tyuiu.ErmakovAA.Sprint2.Task3.V20.Lib", "Tyuiu.ErmakovAA.Sprint2.Task3.V20.Lib\Tyuiu.ErmakovAA.Sprint2.Task3.V20.Lib.csproj", "{FC6D8113-0EEA-4124-AD80-B78E88B2A1F0}"
EndProject
Project("{2150E333-8FDC-42A3-9474-1A3956D46DE8}") = "Task4", "Task4", "{476D58C6-6B42-41DB-AB38-4A5F83384405}"
EndProject
Project("{9A19103F-16F7-4668-BE54-9A1E7A4F7556}") = "Tyuiu.ErmakovAA.Sprint2.Task4.V6", "Tyuiu.ErmakovAA.Sprint2.Task4.V6\Tyuiu.ErmakovAA.Sprint2.Task4.V6.csproj", "{BF8AF025-A2B9-4DE3-AAD6-830F3941BAFD}"
EndProject
Project("{9A19103F-16F7-4668-BE54-9A1E7A4F7556}") = "Tyuiu.ErmakovAA.Sprint2.Task4.V6.Test", "Tyuiu.ErmakovAA.Sprint2.Task4.V6.Test\Tyuiu.ErmakovAA.Sprint2.Task4.V6.Test.csproj", "{9625AFC6-EB29-4605-9891-76E355ED1390}"
EndProject
Project("{9A19103F-16F7-4668-BE54-9A1E7A4F7556}") = "Tyuiu.ErmakovAA.Sprint2.Task4.V6.Lib", "Tyuiu.ErmakovAA.Sprint2.Task4.V6.Lib\Tyuiu.ErmakovAA.Sprint2.Task4.V6.Lib.csproj", "{42534F19-2053-40F7-938E-674A3681A4CA}"
EndProject
Project("{2150E333-8FDC-42A3-9474-1A3956D46DE8}") = "Task5", "Task5", "{C730E8DB-D3AC-42E2-9F02-FCEB7A0B466E}"
EndProject
Project("{9A19103F-16F7-4668-BE54-9A1E7A4F7556}") = "Tyuiu.ErmakovAA.Sprint2.Task5.V14", "Tyuiu.ErmakovAA.Sprint2.Task5.V14\Tyuiu.ErmakovAA.Sprint2.Task5.V14.csproj", "{6D91A5F9-7255-46EE-AA04-4CEA815AD869}"
EndProject
Project("{9A19103F-16F7-4668-BE54-9A1E7A4F7556}") = "Tyuiu.ErmakovAA.Sprint2.Task5.V14.Lib", "Tyuiu.ErmakovAA.Sprint2.Task5.V14.Lib\Tyuiu.ErmakovAA.Sprint2.Task5.V14.Lib.csproj", "{5B95666F-2645-4C04-9D35-CDEF7A148F0E}"
EndProject
Project("{9A19103F-16F7-4668-BE54-9A1E7A4F7556}") = "Tyuiu.ErmakovAA.Sprint2.Task5.V14.Test", "Tyuiu.ErmakovAA.Sprint2.Task5.V14.Test\Tyuiu.ErmakovAA.Sprint2.Task5.V14.Test.csproj", "{84914A03-B532-46FB-9754-DEC2F7A5B2CC}"
EndProject
Project("{2150E333-8FDC-42A3-9474-1A3956D46DE8}") = "Task6", "Task6", "{DDE07952-ACEB-48D4-A371-A1D05F64C0E3}"
EndProject
Project("{9A19103F-16F7-4668-BE54-9A1E7A4F7556}") = "Tyuiu.ErmakovAA.Sprint2.Task6.V9.Lib", "Tyuiu.ErmakovAA.Sprint2.Task6.V9.Lib\Tyuiu.ErmakovAA.Sprint2.Task6.V9.Lib.csproj", "{D43EA006-A3F1-4333-AA86-D5374DE64EA6}"
EndProject
Project("{9A19103F-16F7-4668-BE54-9A1E7A4F7556}") = "Tyuiu.ErmakovAA.Sprint2.Task6.V9.Test", "Tyuiu.ErmakovAA.Sprint2.Task6.V9.Test\Tyuiu.ErmakovAA.Sprint2.Task6.V9.Test.csproj", "{FCCDC80F-E1FA-4839-89E9-02207535A9DE}"
EndProject
Project("{2150E333-8FDC-42A3-9474-1A3956D46DE8}") = "Task7", "Task7", "{FF480F0A-F4F1-432A-8BBE-C78994080F57}"
EndProject
Project("{9A19103F-16F7-4668-BE54-9A1E7A4F7556}") = "Tyuiu.ErmakovAA.Sprint2.Task7.V1", "Tyuiu.ErmakovAA.Sprint2.Task7.V1\Tyuiu.ErmakovAA.Sprint2.Task7.V1.csproj", "{DCE48217-2693-41B8-86DF-EC900AEF45BB}"
EndProject
Project("{9A19103F-16F7-4668-BE54-9A1E7A4F7556}") = "Tyuiu.ErmakovAA.Sprint2.Task7.V1.Test", "Tyuiu.ErmakovAA.Sprint2.Task7.V1.Test\Tyuiu.ErmakovAA.Sprint2.Task7.V1.Test.csproj", "{4FA65FDB-34F4-4D06-A25A-5FF832FF95FE}"
EndProject
Project("{9A19103F-16F7-4668-BE54-9A1E7A4F7556}") = "Tyuiu.ErmakovAA.Sprint2.Task7.V1.Lib", "Tyuiu.ErmakovAA.Sprint2.Task7.V1.Lib\Tyuiu.ErmakovAA.Sprint2.Task7.V1.Lib.csproj", "{0B0E5179-CA91-441E-BE63-5B921FCF2D3A}"
EndProject
Project("{FAE04EC0-301F-11D3-BF4B-00C04F79EFBC}") = "Tyuiu.ErmakovAA.Sprint2.Task6.V9", "Tyuiu.ErmakovAA.Sprint2.Task6.V9\Tyuiu.ErmakovAA.Sprint2.Task6.V9.csproj", "{069F4FC1-B261-4692-A7AE-2BD546B115E9}"
EndProject
Global
	GlobalSection(SolutionConfigurationPlatforms) = preSolution
		Debug|Any CPU = Debug|Any CPU
		Release|Any CPU = Release|Any CPU
	EndGlobalSection
	GlobalSection(ProjectConfigurationPlatforms) = postSolution
		{C28CCFEA-7ABD-4AF1-A203-D08FD30C850A}.Debug|Any CPU.ActiveCfg = Debug|Any CPU
		{C28CCFEA-7ABD-4AF1-A203-D08FD30C850A}.Debug|Any CPU.Build.0 = Debug|Any CPU
		{C28CCFEA-7ABD-4AF1-A203-D08FD30C850A}.Release|Any CPU.ActiveCfg = Release|Any CPU
		{C28CCFEA-7ABD-4AF1-A203-D08FD30C850A}.Release|Any CPU.Build.0 = Release|Any CPU
		{7188C893-392D-4D57-9B9A-796E956F5989}.Debug|Any CPU.ActiveCfg = Debug|Any CPU
		{7188C893-392D-4D57-9B9A-796E956F5989}.Debug|Any CPU.Build.0 = Debug|Any CPU
		{7188C893-392D-4D57-9B9A-796E956F5989}.Release|Any CPU.ActiveCfg = Release|Any CPU
		{7188C893-392D-4D57-9B9A-796E956F5989}.Release|Any CPU.Build.0 = Release|Any CPU
		{9837BE6E-32CA-4BAC-A79C-F3C2C2FE48C0}.Debug|Any CPU.ActiveCfg = Debug|Any CPU
		{9837BE6E-32CA-4BAC-A79C-F3C2C2FE48C0}.Debug|Any CPU.Build.0 = Debug|Any CPU
		{9837BE6E-32CA-4BAC-A79C-F3C2C2FE48C0}.Release|Any CPU.ActiveCfg = Release|Any CPU
		{9837BE6E-32CA-4BAC-A79C-F3C2C2FE48C0}.Release|Any CPU.Build.0 = Release|Any CPU
		{3D02C1D6-9178-439B-8D29-0835F3143BDA}.Debug|Any CPU.ActiveCfg = Debug|Any CPU
		{3D02C1D6-9178-439B-8D29-0835F3143BDA}.Debug|Any CPU.Build.0 = Debug|Any CPU
		{3D02C1D6-9178-439B-8D29-0835F3143BDA}.Release|Any CPU.ActiveCfg = Release|Any CPU
		{3D02C1D6-9178-439B-8D29-0835F3143BDA}.Release|Any CPU.Build.0 = Release|Any CPU
		{16207A25-0DA2-4B75-A116-6B491FEDB1C1}.Debug|Any CPU.ActiveCfg = Debug|Any CPU
		{16207A25-0DA2-4B75-A116-6B491FEDB1C1}.Debug|Any CPU.Build.0 = Debug|Any CPU
		{16207A25-0DA2-4B75-A116-6B491FEDB1C1}.Release|Any CPU.ActiveCfg = Release|Any CPU
		{16207A25-0DA2-4B75-A116-6B491FEDB1C1}.Release|Any CPU.Build.0 = Release|Any CPU
		{44E09F07-F35A-473F-A38A-983006699CE9}.Debug|Any CPU.ActiveCfg = Debug|Any CPU
		{44E09F07-F35A-473F-A38A-983006699CE9}.Debug|Any CPU.Build.0 = Debug|Any CPU
		{44E09F07-F35A-473F-A38A-983006699CE9}.Release|Any CPU.ActiveCfg = Release|Any CPU
		{44E09F07-F35A-473F-A38A-983006699CE9}.Release|Any CPU.Build.0 = Release|Any CPU
		{8F1A6284-BB5D-42E2-A8FD-574B6C8253C2}.Debug|Any CPU.ActiveCfg = Debug|Any CPU
		{8F1A6284-BB5D-42E2-A8FD-574B6C8253C2}.Debug|Any CPU.Build.0 = Debug|Any CPU
		{8F1A6284-BB5D-42E2-A8FD-574B6C8253C2}.Release|Any CPU.ActiveCfg = Release|Any CPU
		{8F1A6284-BB5D-42E2-A8FD-574B6C8253C2}.Release|Any CPU.Build.0 = Release|Any CPU
		{54001879-543E-41B8-BB3C-25430644B597}.Debug|Any CPU.ActiveCfg = Debug|Any CPU
		{54001879-543E-41B8-BB3C-25430644B597}.Debug|Any CPU.Build.0 = Debug|Any CPU
		{54001879-543E-41B8-BB3C-25430644B597}.Release|Any CPU.ActiveCfg = Release|Any CPU
		{54001879-543E-41B8-BB3C-25430644B597}.Release|Any CPU.Build.0 = Release|Any CPU
		{91023DA0-86CB-4BFF-9BAC-13A6BDF282E8}.Debug|Any CPU.ActiveCfg = Debug|Any CPU
		{91023DA0-86CB-4BFF-9BAC-13A6BDF282E8}.Debug|Any CPU.Build.0 = Debug|Any CPU
		{91023DA0-86CB-4BFF-9BAC-13A6BDF282E8}.Release|Any CPU.ActiveCfg = Release|Any CPU
		{91023DA0-86CB-4BFF-9BAC-13A6BDF282E8}.Release|Any CPU.Build.0 = Release|Any CPU
		{8C354A11-0BD8-413F-A074-34BB29F804A8}.Debug|Any CPU.ActiveCfg = Debug|Any CPU
		{8C354A11-0BD8-413F-A074-34BB29F804A8}.Debug|Any CPU.Build.0 = Debug|Any CPU
		{8C354A11-0BD8-413F-A074-34BB29F804A8}.Release|Any CPU.ActiveCfg = Release|Any CPU
		{8C354A11-0BD8-413F-A074-34BB29F804A8}.Release|Any CPU.Build.0 = Release|Any CPU
		{682E52AB-CC17-4C38-B25C-AF65FA89442F}.Debug|Any CPU.ActiveCfg = Debug|Any CPU
		{682E52AB-CC17-4C38-B25C-AF65FA89442F}.Debug|Any CPU.Build.0 = Debug|Any CPU
		{682E52AB-CC17-4C38-B25C-AF65FA89442F}.Release|Any CPU.ActiveCfg = Release|Any CPU
		{682E52AB-CC17-4C38-B25C-AF65FA89442F}.Release|Any CPU.Build.0 = Release|Any CPU
		{FC6D8113-0EEA-4124-AD80-B78E88B2A1F0}.Debug|Any CPU.ActiveCfg = Debug|Any CPU
		{FC6D8113-0EEA-4124-AD80-B78E88B2A1F0}.Debug|Any CPU.Build.0 = Debug|Any CPU
		{FC6D8113-0EEA-4124-AD80-B78E88B2A1F0}.Release|Any CPU.ActiveCfg = Release|Any CPU
		{FC6D8113-0EEA-4124-AD80-B78E88B2A1F0}.Release|Any CPU.Build.0 = Release|Any CPU
		{BF8AF025-A2B9-4DE3-AAD6-830F3941BAFD}.Debug|Any CPU.ActiveCfg = Debug|Any CPU
		{BF8AF025-A2B9-4DE3-AAD6-830F3941BAFD}.Debug|Any CPU.Build.0 = Debug|Any CPU
		{BF8AF025-A2B9-4DE3-AAD6-830F3941BAFD}.Release|Any CPU.ActiveCfg = Release|Any CPU
		{BF8AF025-A2B9-4DE3-AAD6-830F3941BAFD}.Release|Any CPU.Build.0 = Release|Any CPU
		{9625AFC6-EB29-4605-9891-76E355ED1390}.Debug|Any CPU.ActiveCfg = Debug|Any CPU
		{9625AFC6-EB29-4605-9891-76E355ED1390}.Debug|Any CPU.Build.0 = Debug|Any CPU
		{9625AFC6-EB29-4605-9891-76E355ED1390}.Release|Any CPU.ActiveCfg = Release|Any CPU
		{9625AFC6-EB29-4605-9891-76E355ED1390}.Release|Any CPU.Build.0 = Release|Any CPU
		{42534F19-2053-40F7-938E-674A3681A4CA}.Debug|Any CPU.ActiveCfg = Debug|Any CPU
		{42534F19-2053-40F7-938E-674A3681A4CA}.Debug|Any CPU.Build.0 = Debug|Any CPU
		{42534F19-2053-40F7-938E-674A3681A4CA}.Release|Any CPU.ActiveCfg = Release|Any CPU
		{42534F19-2053-40F7-938E-674A3681A4CA}.Release|Any CPU.Build.0 = Release|Any CPU
		{6D91A5F9-7255-46EE-AA04-4CEA815AD869}.Debug|Any CPU.ActiveCfg = Debug|Any CPU
		{6D91A5F9-7255-46EE-AA04-4CEA815AD869}.Debug|Any CPU.Build.0 = Debug|Any CPU
		{6D91A5F9-7255-46EE-AA04-4CEA815AD869}.Release|Any CPU.ActiveCfg = Release|Any CPU
		{6D91A5F9-7255-46EE-AA04-4CEA815AD869}.Release|Any CPU.Build.0 = Release|Any CPU
		{5B95666F-2645-4C04-9D35-CDEF7A148F0E}.Debug|Any CPU.ActiveCfg = Debug|Any CPU
		{5B95666F-2645-4C04-9D35-CDEF7A148F0E}.Debug|Any CPU.Build.0 = Debug|Any CPU
		{5B95666F-2645-4C04-9D35-CDEF7A148F0E}.Release|Any CPU.ActiveCfg = Release|Any CPU
		{5B95666F-2645-4C04-9D35-CDEF7A148F0E}.Release|Any CPU.Build.0 = Release|Any CPU
		{84914A03-B532-46FB-9754-DEC2F7A5B2CC}.Debug|Any CPU.ActiveCfg = Debug|Any CPU
		{84914A03-B532-46FB-9754-DEC2F7A5B2CC}.Debug|Any CPU.Build.0 = Debug|Any CPU
		{84914A03-B532-46FB-9754-DEC2F7A5B2CC}.Release|Any CPU.ActiveCfg = Release|Any CPU
		{84914A03-B532-46FB-9754-DEC2F7A5B2CC}.Release|Any CPU.Build.0 = Release|Any CPU
		{D43EA006-A3F1-4333-AA86-D5374DE64EA6}.Debug|Any CPU.ActiveCfg = Debug|Any CPU
		{D43EA006-A3F1-4333-AA86-D5374DE64EA6}.Debug|Any CPU.Build.0 = Debug|Any CPU
		{D43EA006-A3F1-4333-AA86-D5374DE64EA6}.Release|Any CPU.ActiveCfg = Release|Any CPU
		{D43EA006-A3F1-4333-AA86-D5374DE64EA6}.Release|Any CPU.Build.0 = Release|Any CPU
		{FCCDC80F-E1FA-4839-89E9-02207535A9DE}.Debug|Any CPU.ActiveCfg = Debug|Any CPU
		{FCCDC80F-E1FA-4839-89E9-02207535A9DE}.Debug|Any CPU.Build.0 = Debug|Any CPU
		{FCCDC80F-E1FA-4839-89E9-02207535A9DE}.Release|Any CPU.ActiveCfg = Release|Any CPU
		{FCCDC80F-E1FA-4839-89E9-02207535A9DE}.Release|Any CPU.Build.0 = Release|Any CPU
		{DCE48217-2693-41B8-86DF-EC900AEF45BB}.Debug|Any CPU.ActiveCfg = Debug|Any CPU
		{DCE48217-2693-41B8-86DF-EC900AEF45BB}.Debug|Any CPU.Build.0 = Debug|Any CPU
		{DCE48217-2693-41B8-86DF-EC900AEF45BB}.Release|Any CPU.ActiveCfg = Release|Any CPU
		{DCE48217-2693-41B8-86DF-EC900AEF45BB}.Release|Any CPU.Build.0 = Release|Any CPU
		{4FA65FDB-34F4-4D06-A25A-5FF832FF95FE}.Debug|Any CPU.ActiveCfg = Debug|Any CPU
		{4FA65FDB-34F4-4D06-A25A-5FF832FF95FE}.Debug|Any CPU.Build.0 = Debug|Any CPU
		{4FA65FDB-34F4-4D06-A25A-5FF832FF95FE}.Release|Any CPU.ActiveCfg = Release|Any CPU
		{4FA65FDB-34F4-4D06-A25A-5FF832FF95FE}.Release|Any CPU.Build.0 = Release|Any CPU
		{0B0E5179-CA91-441E-BE63-5B921FCF2D3A}.Debug|Any CPU.ActiveCfg = Debug|Any CPU
		{0B0E5179-CA91-441E-BE63-5B921FCF2D3A}.Debug|Any CPU.Build.0 = Debug|Any CPU
		{0B0E5179-CA91-441E-BE63-5B921FCF2D3A}.Release|Any CPU.ActiveCfg = Release|Any CPU
		{0B0E5179-CA91-441E-BE63-5B921FCF2D3A}.Release|Any CPU.Build.0 = Release|Any CPU
		{069F4FC1-B261-4692-A7AE-2BD546B115E9}.Debug|Any CPU.ActiveCfg = Debug|Any CPU
		{069F4FC1-B261-4692-A7AE-2BD546B115E9}.Debug|Any CPU.Build.0 = Debug|Any CPU
		{069F4FC1-B261-4692-A7AE-2BD546B115E9}.Release|Any CPU.ActiveCfg = Release|Any CPU
		{069F4FC1-B261-4692-A7AE-2BD546B115E9}.Release|Any CPU.Build.0 = Release|Any CPU
	EndGlobalSection
	GlobalSection(SolutionProperties) = preSolution
		HideSolutionNode = FALSE
	EndGlobalSection
	GlobalSection(NestedProjects) = preSolution
		{C28CCFEA-7ABD-4AF1-A203-D08FD30C850A} = {6A2D6853-A126-4C90-836E-7DFEEACC3EBD}
		{7188C893-392D-4D57-9B9A-796E956F5989} = {6A2D6853-A126-4C90-836E-7DFEEACC3EBD}
		{9837BE6E-32CA-4BAC-A79C-F3C2C2FE48C0} = {6A2D6853-A126-4C90-836E-7DFEEACC3EBD}
		{3D02C1D6-9178-439B-8D29-0835F3143BDA} = {D6A4508B-4972-4905-ACA6-0CFCCACF3A33}
		{16207A25-0DA2-4B75-A116-6B491FEDB1C1} = {D6A4508B-4972-4905-ACA6-0CFCCACF3A33}
		{44E09F07-F35A-473F-A38A-983006699CE9} = {D6A4508B-4972-4905-ACA6-0CFCCACF3A33}
		{8F1A6284-BB5D-42E2-A8FD-574B6C8253C2} = {0652F9C9-D09D-4A50-9C20-7949CA84FE81}
		{54001879-543E-41B8-BB3C-25430644B597} = {0652F9C9-D09D-4A50-9C20-7949CA84FE81}
		{91023DA0-86CB-4BFF-9BAC-13A6BDF282E8} = {0652F9C9-D09D-4A50-9C20-7949CA84FE81}
		{8C354A11-0BD8-413F-A074-34BB29F804A8} = {7F1CA98D-3DB9-4A48-BF09-402F92D8DF43}
		{682E52AB-CC17-4C38-B25C-AF65FA89442F} = {7F1CA98D-3DB9-4A48-BF09-402F92D8DF43}
		{FC6D8113-0EEA-4124-AD80-B78E88B2A1F0} = {7F1CA98D-3DB9-4A48-BF09-402F92D8DF43}
		{BF8AF025-A2B9-4DE3-AAD6-830F3941BAFD} = {476D58C6-6B42-41DB-AB38-4A5F83384405}
		{9625AFC6-EB29-4605-9891-76E355ED1390} = {476D58C6-6B42-41DB-AB38-4A5F83384405}
		{42534F19-2053-40F7-938E-674A3681A4CA} = {476D58C6-6B42-41DB-AB38-4A5F83384405}
		{6D91A5F9-7255-46EE-AA04-4CEA815AD869} = {C730E8DB-D3AC-42E2-9F02-FCEB7A0B466E}
		{5B95666F-2645-4C04-9D35-CDEF7A148F0E} = {C730E8DB-D3AC-42E2-9F02-FCEB7A0B466E}
		{84914A03-B532-46FB-9754-DEC2F7A5B2CC} = {C730E8DB-D3AC-42E2-9F02-FCEB7A0B466E}
		{D43EA006-A3F1-4333-AA86-D5374DE64EA6} = {DDE07952-ACEB-48D4-A371-A1D05F64C0E3}
		{FCCDC80F-E1FA-4839-89E9-02207535A9DE} = {DDE07952-ACEB-48D4-A371-A1D05F64C0E3}
		{DCE48217-2693-41B8-86DF-EC900AEF45BB} = {FF480F0A-F4F1-432A-8BBE-C78994080F57}
		{4FA65FDB-34F4-4D06-A25A-5FF832FF95FE} = {FF480F0A-F4F1-432A-8BBE-C78994080F57}
		{0B0E5179-CA91-441E-BE63-5B921FCF2D3A} = {FF480F0A-F4F1-432A-8BBE-C78994080F57}
		{069F4FC1-B261-4692-A7AE-2BD546B115E9} = {DDE07952-ACEB-48D4-A371-A1D05F64C0E3}
	EndGlobalSection
	GlobalSection(ExtensibilityGlobals) = postSolution
		SolutionGuid = {C97C7A5D-D292-4FBD-B915-49B0C6368B6F}
	EndGlobalSection
EndGlobal
